
Microsoft Visual Studio Solution File, Format Version 12.00
# Visual Studio 15
VisualStudioVersion = 15.0.28307.329
MinimumVisualStudioVersion = 10.0.40219.1
Project("{FAE04EC0-301F-11D3-BF4B-00C04F79EFBC}") = "Jason.Main", "Jason\Jason.Main.csproj", "{35B29537-5B79-4770-8718-208476C7154E}"
EndProject
Project("{FAE04EC0-301F-11D3-BF4B-00C04F79EFBC}") = "Jason.Library", "Jason.AsSemantics\Jason.Library.csproj", "{4624E909-4B38-4762-861D-1615C558B9EB}"
EndProject
Project("{2150E333-8FDC-42A3-9474-1A3956D46DE8}") = "src", "src", "{E2FCA400-152F-44D3-90D4-80AF743B45F6}"
EndProject
Global
	GlobalSection(SolutionConfigurationPlatforms) = preSolution
		Debug|Any CPU = Debug|Any CPU
		Release|Any CPU = Release|Any CPU
	EndGlobalSection
	GlobalSection(ProjectConfigurationPlatforms) = postSolution
		{35B29537-5B79-4770-8718-208476C7154E}.Debug|Any CPU.ActiveCfg = Debug|Any CPU
		{35B29537-5B79-4770-8718-208476C7154E}.Debug|Any CPU.Build.0 = Debug|Any CPU
		{35B29537-5B79-4770-8718-208476C7154E}.Release|Any CPU.ActiveCfg = Release|Any CPU
		{35B29537-5B79-4770-8718-208476C7154E}.Release|Any CPU.Build.0 = Release|Any CPU
		{4624E909-4B38-4762-861D-1615C558B9EB}.Debug|Any CPU.ActiveCfg = Debug|Any CPU
		{4624E909-4B38-4762-861D-1615C558B9EB}.Debug|Any CPU.Build.0 = Debug|Any CPU
		{4624E909-4B38-4762-861D-1615C558B9EB}.Release|Any CPU.ActiveCfg = Release|Any CPU
		{4624E909-4B38-4762-861D-1615C558B9EB}.Release|Any CPU.Build.0 = Release|Any CPU
	EndGlobalSection
	GlobalSection(SolutionProperties) = preSolution
		HideSolutionNode = FALSE
	EndGlobalSection
	GlobalSection(NestedProjects) = preSolution
		{35B29537-5B79-4770-8718-208476C7154E} = {E2FCA400-152F-44D3-90D4-80AF743B45F6}
		{4624E909-4B38-4762-861D-1615C558B9EB} = {E2FCA400-152F-44D3-90D4-80AF743B45F6}
	EndGlobalSection
	GlobalSection(ExtensibilityGlobals) = postSolution
		SolutionGuid = {FC8FE4A5-A58A-4CCD-9CEF-D7BC1F5632DD}
	EndGlobalSection
EndGlobal
